// !$*UTF8*$!
{
	archiveVersion = 1;
	classes = {
	};
	objectVersion = 50;
	objects = {

/* Begin PBXBuildFile section */
		33827451279E2C800029E127 /* AppDelegate.swift in Sources */ = {isa = PBXBuildFile; fileRef = 33827450279E2C800029E127 /* AppDelegate.swift */; };
		33827453279E2C800029E127 /* SceneDelegate.swift in Sources */ = {isa = PBXBuildFile; fileRef = 33827452279E2C800029E127 /* SceneDelegate.swift */; };
		33827455279E2C810029E127 /* ViewController.swift in Sources */ = {isa = PBXBuildFile; fileRef = 33827454279E2C800029E127 /* ViewController.swift */; };
		33827458279E2C810029E127 /* Main.storyboard in Resources */ = {isa = PBXBuildFile; fileRef = 33827456279E2C810029E127 /* Main.storyboard */; };
		3382745A279E2C9A0029E127 /* Assets.xcassets in Resources */ = {isa = PBXBuildFile; fileRef = 33827459279E2C9A0029E127 /* Assets.xcassets */; };
		3382745D279E2C9A0029E127 /* LaunchScreen.storyboard in Resources */ = {isa = PBXBuildFile; fileRef = 3382745B279E2C9A0029E127 /* LaunchScreen.storyboard */; };
		33827468279E2C9B0029E127 /* You_Are_Awesome_Tests.swift in Sources */ = {isa = PBXBuildFile; fileRef = 33827467279E2C9B0029E127 /* You_Are_Awesome_Tests.swift */; };
		33827473279E2C9C0029E127 /* You_Are_Awesome_UITests.swift in Sources */ = {isa = PBXBuildFile; fileRef = 33827472279E2C9C0029E127 /* You_Are_Awesome_UITests.swift */; };
/* End PBXBuildFile section */

/* Begin PBXContainerItemProxy section */
		33827464279E2C9B0029E127 /* PBXContainerItemProxy */ = {
			isa = PBXContainerItemProxy;
			containerPortal = 33827445279E2C800029E127 /* Project object */;
			proxyType = 1;
			remoteGlobalIDString = 3382744C279E2C800029E127;
			remoteInfo = "You Are Awesome!";
		};
		3382746F279E2C9B0029E127 /* PBXContainerItemProxy */ = {
			isa = PBXContainerItemProxy;
			containerPortal = 33827445279E2C800029E127 /* Project object */;
			proxyType = 1;
			remoteGlobalIDString = 3382744C279E2C800029E127;
			remoteInfo = "You Are Awesome!";
		};
/* End PBXContainerItemProxy section */

/* Begin PBXFileReference section */
		3382744D279E2C800029E127 /* You Are Awesome!.app */ = {isa = PBXFileReference; explicitFileType = wrapper.application; includeInIndex = 0; path = "You Are Awesome!.app"; sourceTree = BUILT_PRODUCTS_DIR; };
		33827450279E2C800029E127 /* AppDelegate.swift */ = {isa = PBXFileReference; lastKnownFileType = sourcecode.swift; path = AppDelegate.swift; sourceTree = "<group>"; };
		33827452279E2C800029E127 /* SceneDelegate.swift */ = {isa = PBXFileReference; lastKnownFileType = sourcecode.swift; path = SceneDelegate.swift; sourceTree = "<group>"; };
		33827454279E2C800029E127 /* ViewController.swift */ = {isa = PBXFileReference; lastKnownFileType = sourcecode.swift; path = ViewController.swift; sourceTree = "<group>"; };
		33827457279E2C810029E127 /* Base */ = {isa = PBXFileReference; lastKnownFileType = file.storyboard; name = Base; path = Base.lproj/Main.storyboard; sourceTree = "<group>"; };
		33827459279E2C9A0029E127 /* Assets.xcassets */ = {isa = PBXFileReference; lastKnownFileType = folder.assetcatalog; path = Assets.xcassets; sourceTree = "<group>"; };
		3382745C279E2C9A0029E127 /* Base */ = {isa = PBXFileReference; lastKnownFileType = file.storyboard; name = Base; path = Base.lproj/LaunchScreen.storyboard; sourceTree = "<group>"; };
		3382745E279E2C9A0029E127 /* Info.plist */ = {isa = PBXFileReference; lastKnownFileType = text.plist.xml; path = Info.plist; sourceTree = "<group>"; };
		33827463279E2C9B0029E127 /* You Are Awesome!Tests.xctest */ = {isa = PBXFileReference; explicitFileType = wrapper.cfbundle; includeInIndex = 0; path = "You Are Awesome!Tests.xctest"; sourceTree = BUILT_PRODUCTS_DIR; };
		33827467279E2C9B0029E127 /* You_Are_Awesome_Tests.swift */ = {isa = PBXFileReference; lastKnownFileType = sourcecode.swift; path = You_Are_Awesome_Tests.swift; sourceTree = "<group>"; };
		33827469279E2C9B0029E127 /* Info.plist */ = {isa = PBXFileReference; lastKnownFileType = text.plist.xml; path = Info.plist; sourceTree = "<group>"; };
		3382746E279E2C9B0029E127 /* You Are Awesome!UITests.xctest */ = {isa = PBXFileReference; explicitFileType = wrapper.cfbundle; includeInIndex = 0; path = "You Are Awesome!UITests.xctest"; sourceTree = BUILT_PRODUCTS_DIR; };
		33827472279E2C9C0029E127 /* You_Are_Awesome_UITests.swift */ = {isa = PBXFileReference; lastKnownFileType = sourcecode.swift; path = You_Are_Awesome_UITests.swift; sourceTree = "<group>"; };
		33827474279E2C9C0029E127 /* Info.plist */ = {isa = PBXFileReference; lastKnownFileType = text.plist.xml; path = Info.plist; sourceTree = "<group>"; };
/* End PBXFileReference section */

/* Begin PBXFrameworksBuildPhase section */
		3382744A279E2C800029E127 /* Frameworks */ = {
			isa = PBXFrameworksBuildPhase;
			buildActionMask = 2147483647;
			files = (
			);
			runOnlyForDeploymentPostprocessing = 0;
		};
		33827460279E2C9B0029E127 /* Frameworks */ = {
			isa = PBXFrameworksBuildPhase;
			buildActionMask = 2147483647;
			files = (
			);
			runOnlyForDeploymentPostprocessing = 0;
		};
		3382746B279E2C9B0029E127 /* Frameworks */ = {
			isa = PBXFrameworksBuildPhase;
			buildActionMask = 2147483647;
			files = (
			);
			runOnlyForDeploymentPostprocessing = 0;
		};
/* End PBXFrameworksBuildPhase section */

/* Begin PBXGroup section */
		33827444279E2C800029E127 = {
			isa = PBXGroup;
			children = (
				3382744F279E2C800029E127 /* You Are Awesome! */,
				33827466279E2C9B0029E127 /* You Are Awesome!Tests */,
				33827471279E2C9B0029E127 /* You Are Awesome!UITests */,
				3382744E279E2C800029E127 /* Products */,
			);
			sourceTree = "<group>";
		};
		3382744E279E2C800029E127 /* Products */ = {
			isa = PBXGroup;
			children = (
				3382744D279E2C800029E127 /* You Are Awesome!.app */,
				33827463279E2C9B0029E127 /* You Are Awesome!Tests.xctest */,
				3382746E279E2C9B0029E127 /* You Are Awesome!UITests.xctest */,
			);
			name = Products;
			sourceTree = "<group>";
		};
		3382744F279E2C800029E127 /* You Are Awesome! */ = {
			isa = PBXGroup;
			children = (
				33827450279E2C800029E127 /* AppDelegate.swift */,
				33827452279E2C800029E127 /* SceneDelegate.swift */,
				33827454279E2C800029E127 /* ViewController.swift */,
				33827456279E2C810029E127 /* Main.storyboard */,
				33827459279E2C9A0029E127 /* Assets.xcassets */,
				3382745B279E2C9A0029E127 /* LaunchScreen.storyboard */,
				3382745E279E2C9A0029E127 /* Info.plist */,
			);
			path = "You Are Awesome!";
			sourceTree = "<group>";
		};
		33827466279E2C9B0029E127 /* You Are Awesome!Tests */ = {
			isa = PBXGroup;
			children = (
				33827467279E2C9B0029E127 /* You_Are_Awesome_Tests.swift */,
				33827469279E2C9B0029E127 /* Info.plist */,
			);
			path = "You Are Awesome!Tests";
			sourceTree = "<group>";
		};
		33827471279E2C9B0029E127 /* You Are Awesome!UITests */ = {
			isa = PBXGroup;
			children = (
				33827472279E2C9C0029E127 /* You_Are_Awesome_UITests.swift */,
				33827474279E2C9C0029E127 /* Info.plist */,
			);
			path = "You Are Awesome!UITests";
			sourceTree = "<group>";
		};
/* End PBXGroup section */

/* Begin PBXNativeTarget section */
		3382744C279E2C800029E127 /* You Are Awesome! */ = {
			isa = PBXNativeTarget;
			buildConfigurationList = 33827477279E2C9C0029E127 /* Build configuration list for PBXNativeTarget "You Are Awesome!" */;
			buildPhases = (
				33827449279E2C800029E127 /* Sources */,
				3382744A279E2C800029E127 /* Frameworks */,
				3382744B279E2C800029E127 /* Resources */,
			);
			buildRules = (
			);
			dependencies = (
			);
			name = "You Are Awesome!";
			productName = "You Are Awesome!";
			productReference = 3382744D279E2C800029E127 /* You Are Awesome!.app */;
			productType = "com.apple.product-type.application";
		};
		33827462279E2C9B0029E127 /* You Are Awesome!Tests */ = {
			isa = PBXNativeTarget;
			buildConfigurationList = 3382747A279E2C9C0029E127 /* Build configuration list for PBXNativeTarget "You Are Awesome!Tests" */;
			buildPhases = (
				3382745F279E2C9B0029E127 /* Sources */,
				33827460279E2C9B0029E127 /* Frameworks */,
				33827461279E2C9B0029E127 /* Resources */,
			);
			buildRules = (
			);
			dependencies = (
				33827465279E2C9B0029E127 /* PBXTargetDependency */,
			);
			name = "You Are Awesome!Tests";
			productName = "You Are Awesome!Tests";
			productReference = 33827463279E2C9B0029E127 /* You Are Awesome!Tests.xctest */;
			productType = "com.apple.product-type.bundle.unit-test";
		};
		3382746D279E2C9B0029E127 /* You Are Awesome!UITests */ = {
			isa = PBXNativeTarget;
			buildConfigurationList = 3382747D279E2C9C0029E127 /* Build configuration list for PBXNativeTarget "You Are Awesome!UITests" */;
			buildPhases = (
				3382746A279E2C9B0029E127 /* Sources */,
				3382746B279E2C9B0029E127 /* Frameworks */,
				3382746C279E2C9B0029E127 /* Resources */,
			);
			buildRules = (
			);
			dependencies = (
				33827470279E2C9B0029E127 /* PBXTargetDependency */,
			);
			name = "You Are Awesome!UITests";
			productName = "You Are Awesome!UITests";
			productReference = 3382746E279E2C9B0029E127 /* You Are Awesome!UITests.xctest */;
			productType = "com.apple.product-type.bundle.ui-testing";
		};
/* End PBXNativeTarget section */

/* Begin PBXProject section */
		33827445279E2C800029E127 /* Project object */ = {
			isa = PBXProject;
			attributes = {
				LastSwiftUpdateCheck = 1240;
				LastUpgradeCheck = 1240;
				TargetAttributes = {
					3382744C279E2C800029E127 = {
						CreatedOnToolsVersion = 12.4;
					};
					33827462279E2C9B0029E127 = {
						CreatedOnToolsVersion = 12.4;
						TestTargetID = 3382744C279E2C800029E127;
					};
					3382746D279E2C9B0029E127 = {
						CreatedOnToolsVersion = 12.4;
						TestTargetID = 3382744C279E2C800029E127;
					};
				};
			};
			buildConfigurationList = 33827448279E2C800029E127 /* Build configuration list for PBXProject "You Are Awesome!" */;
			compatibilityVersion = "Xcode 9.3";
			developmentRegion = en;
			hasScannedForEncodings = 0;
			knownRegions = (
				en,
				Base,
			);
			mainGroup = 33827444279E2C800029E127;
			productRefGroup = 3382744E279E2C800029E127 /* Products */;
			projectDirPath = "";
			projectRoot = "";
			targets = (
				3382744C279E2C800029E127 /* You Are Awesome! */,
				33827462279E2C9B0029E127 /* You Are Awesome!Tests */,
				3382746D279E2C9B0029E127 /* You Are Awesome!UITests */,
			);
		};
/* End PBXProject section */

/* Begin PBXResourcesBuildPhase section */
		3382744B279E2C800029E127 /* Resources */ = {
			isa = PBXResourcesBuildPhase;
			buildActionMask = 2147483647;
			files = (
				3382745D279E2C9A0029E127 /* LaunchScreen.storyboard in Resources */,
				3382745A279E2C9A0029E127 /* Assets.xcassets in Resources */,
				33827458279E2C810029E127 /* Main.storyboard in Resources */,
			);
			runOnlyForDeploymentPostprocessing = 0;
		};
		33827461279E2C9B0029E127 /* Resources */ = {
			isa = PBXResourcesBuildPhase;
			buildActionMask = 2147483647;
			files = (
			);
			runOnlyForDeploymentPostprocessing = 0;
		};
		3382746C279E2C9B0029E127 /* Resources */ = {
			isa = PBXResourcesBuildPhase;
			buildActionMask = 2147483647;
			files = (
			);
			runOnlyForDeploymentPostprocessing = 0;
		};
/* End PBXResourcesBuildPhase section */

/* Begin PBXSourcesBuildPhase section */
		33827449279E2C800029E127 /* Sources */ = {
			isa = PBXSourcesBuildPhase;
			buildActionMask = 2147483647;
			files = (
				33827455279E2C810029E127 /* ViewController.swift in Sources */,
				33827451279E2C800029E127 /* AppDelegate.swift in Sources */,
				33827453279E2C800029E127 /* SceneDelegate.swift in Sources */,
			);
			runOnlyForDeploymentPostprocessing = 0;
		};
		3382745F279E2C9B0029E127 /* Sources */ = {
			isa = PBXSourcesBuildPhase;
			buildActionMask = 2147483647;
			files = (
				33827468279E2C9B0029E127 /* You_Are_Awesome_Tests.swift in Sources */,
			);
			runOnlyForDeploymentPostprocessing = 0;
		};
		3382746A279E2C9B0029E127 /* Sources */ = {
			isa = PBXSourcesBuildPhase;
			buildActionMask = 2147483647;
			files = (
				33827473279E2C9C0029E127 /* You_Are_Awesome_UITests.swift in Sources */,
			);
			runOnlyForDeploymentPostprocessing = 0;
		};
/* End PBXSourcesBuildPhase section */

/* Begin PBXTargetDependency section */
		33827465279E2C9B0029E127 /* PBXTargetDependency */ = {
			isa = PBXTargetDependency;
			target = 3382744C279E2C800029E127 /* You Are Awesome! */;
			targetProxy = 33827464279E2C9B0029E127 /* PBXContainerItemProxy */;
		};
		33827470279E2C9B0029E127 /* PBXTargetDependency */ = {
			isa = PBXTargetDependency;
			target = 3382744C279E2C800029E127 /* You Are Awesome! */;
			targetProxy = 3382746F279E2C9B0029E127 /* PBXContainerItemProxy */;
		};
/* End PBXTargetDependency section */

/* Begin PBXVariantGroup section */
		33827456279E2C810029E127 /* Main.storyboard */ = {
			isa = PBXVariantGroup;
			children = (
				33827457279E2C810029E127 /* Base */,
			);
			name = Main.storyboard;
			sourceTree = "<group>";
		};
		3382745B279E2C9A0029E127 /* LaunchScreen.storyboard */ = {
			isa = PBXVariantGroup;
			children = (
				3382745C279E2C9A0029E127 /* Base */,
			);
			name = LaunchScreen.storyboard;
			sourceTree = "<group>";
		};
/* End PBXVariantGroup section */

/* Begin XCBuildConfiguration section */
		33827475279E2C9C0029E127 /* Debug */ = {
			isa = XCBuildConfiguration;
			buildSettings = {
				ALWAYS_SEARCH_USER_PATHS = NO;
				CLANG_ANALYZER_NONNULL = YES;
				CLANG_ANALYZER_NUMBER_OBJECT_CONVERSION = YES_AGGRESSIVE;
				CLANG_CXX_LANGUAGE_STANDARD = "gnu++14";
				CLANG_CXX_LIBRARY = "libc++";
				CLANG_ENABLE_MODULES = YES;
				CLANG_ENABLE_OBJC_ARC = YES;
				CLANG_ENABLE_OBJC_WEAK = YES;
				CLANG_WARN_BLOCK_CAPTURE_AUTORELEASING = YES;
				CLANG_WARN_BOOL_CONVERSION = YES;
				CLANG_WARN_COMMA = YES;
				CLANG_WARN_CONSTANT_CONVERSION = YES;
				CLANG_WARN_DEPRECATED_OBJC_IMPLEMENTATIONS = YES;
				CLANG_WARN_DIRECT_OBJC_ISA_USAGE = YES_ERROR;
				CLANG_WARN_DOCUMENTATION_COMMENTS = YES;
				CLANG_WARN_EMPTY_BODY = YES;
				CLANG_WARN_ENUM_CONVERSION = YES;
				CLANG_WARN_INFINITE_RECURSION = YES;
				CLANG_WARN_INT_CONVERSION = YES;
				CLANG_WARN_NON_LITERAL_NULL_CONVERSION = YES;
				CLANG_WARN_OBJC_IMPLICIT_RETAIN_SELF = YES;
				CLANG_WARN_OBJC_LITERAL_CONVERSION = YES;
				CLANG_WARN_OBJC_ROOT_CLASS = YES_ERROR;
				CLANG_WARN_QUOTED_INCLUDE_IN_FRAMEWORK_HEADER = YES;
				CLANG_WARN_RANGE_LOOP_ANALYSIS = YES;
				CLANG_WARN_STRICT_PROTOTYPES = YES;
				CLANG_WARN_SUSPICIOUS_MOVE = YES;
				CLANG_WARN_UNGUARDED_AVAILABILITY = YES_AGGRESSIVE;
				CLANG_WARN_UNREACHABLE_CODE = YES;
				CLANG_WARN__DUPLICATE_METHOD_MATCH = YES;
				COPY_PHASE_STRIP = NO;
				DEBUG_INFORMATION_FORMAT = dwarf;
				ENABLE_STRICT_OBJC_MSGSEND = YES;
				ENABLE_TESTABILITY = YES;
				GCC_C_LANGUAGE_STANDARD = gnu11;
				GCC_DYNAMIC_NO_PIC = NO;
				GCC_NO_COMMON_BLOCKS = YES;
				GCC_OPTIMIZATION_LEVEL = 0;
				GCC_PREPROCESSOR_DEFINITIONS = (
					"DEBUG=1",
					"$(inherited)",
				);
				GCC_WARN_64_TO_32_BIT_CONVERSION = YES;
				GCC_WARN_ABOUT_RETURN_TYPE = YES_ERROR;
				GCC_WARN_UNDECLARED_SELECTOR = YES;
				GCC_WARN_UNINITIALIZED_AUTOS = YES_AGGRESSIVE;
				GCC_WARN_UNUSED_FUNCTION = YES;
				GCC_WARN_UNUSED_VARIABLE = YES;
				IPHONEOS_DEPLOYMENT_TARGET = 14.4;
				MTL_ENABLE_DEBUG_INFO = INCLUDE_SOURCE;
				MTL_FAST_MATH = YES;
				ONLY_ACTIVE_ARCH = YES;
				SDKROOT = iphoneos;
				SWIFT_ACTIVE_COMPILATION_CONDITIONS = DEBUG;
				SWIFT_OPTIMIZATION_LEVEL = "-Onone";
			};
			name = Debug;
		};
		33827476279E2C9C0029E127 /* Release */ = {
			isa = XCBuildConfiguration;
			buildSettings = {
				ALWAYS_SEARCH_USER_PATHS = NO;
				CLANG_ANALYZER_NONNULL = YES;
				CLANG_ANALYZER_NUMBER_OBJECT_CONVERSION = YES_AGGRESSIVE;
				CLANG_CXX_LANGUAGE_STANDARD = "gnu++14";
				CLANG_CXX_LIBRARY = "libc++";
				CLANG_ENABLE_MODULES = YES;
				CLANG_ENABLE_OBJC_ARC = YES;
				CLANG_ENABLE_OBJC_WEAK = YES;
				CLANG_WARN_BLOCK_CAPTURE_AUTORELEASING = YES;
				CLANG_WARN_BOOL_CONVERSION = YES;
				CLANG_WARN_COMMA = YES;
				CLANG_WARN_CONSTANT_CONVERSION = YES;
				CLANG_WARN_DEPRECATED_OBJC_IMPLEMENTATIONS = YES;
				CLANG_WARN_DIRECT_OBJC_ISA_USAGE = YES_ERROR;
				CLANG_WARN_DOCUMENTATION_COMMENTS = YES;
				CLANG_WARN_EMPTY_BODY = YES;
				CLANG_WARN_ENUM_CONVERSION = YES;
				CLANG_WARN_INFINITE_RECURSION = YES;
				CLANG_WARN_INT_CONVERSION = YES;
				CLANG_WARN_NON_LITERAL_NULL_CONVERSION = YES;
				CLANG_WARN_OBJC_IMPLICIT_RETAIN_SELF = YES;
				CLANG_WARN_OBJC_LITERAL_CONVERSION = YES;
				CLANG_WARN_OBJC_ROOT_CLASS = YES_ERROR;
				CLANG_WARN_QUOTED_INCLUDE_IN_FRAMEWORK_HEADER = YES;
				CLANG_WARN_RANGE_LOOP_ANALYSIS = YES;
				CLANG_WARN_STRICT_PROTOTYPES = YES;
				CLANG_WARN_SUSPICIOUS_MOVE = YES;
				CLANG_WARN_UNGUARDED_AVAILABILITY = YES_AGGRESSIVE;
				CLANG_WARN_UNREACHABLE_CODE = YES;
				CLANG_WARN__DUPLICATE_METHOD_MATCH = YES;
				COPY_PHASE_STRIP = NO;
				DEBUG_INFORMATION_FORMAT = "dwarf-with-dsym";
				ENABLE_NS_ASSERTIONS = NO;
				ENABLE_STRICT_OBJC_MSGSEND = YES;
				GCC_C_LANGUAGE_STANDARD = gnu11;
				GCC_NO_COMMON_BLOCKS = YES;
				GCC_WARN_64_TO_32_BIT_CONVERSION = YES;
				GCC_WARN_ABOUT_RETURN_TYPE = YES_ERROR;
				GCC_WARN_UNDECLARED_SELECTOR = YES;
				GCC_WARN_UNINITIALIZED_AUTOS = YES_AGGRESSIVE;
				GCC_WARN_UNUSED_FUNCTION = YES;
				GCC_WARN_UNUSED_VARIABLE = YES;
				IPHONEOS_DEPLOYMENT_TARGET = 14.4;
				MTL_ENABLE_DEBUG_INFO = NO;
				MTL_FAST_MATH = YES;
				SDKROOT = iphoneos;
				SWIFT_COMPILATION_MODE = wholemodule;
				SWIFT_OPTIMIZATION_LEVEL = "-O";
				VALIDATE_PRODUCT = YES;
			};
			name = Release;
		};
		33827478279E2C9C0029E127 /* Debug */ = {
			isa = XCBuildConfiguration;
			buildSettings = {
				ASSETCATALOG_COMPILER_APPICON_NAME = AppIcon;
				ASSETCATALOG_COMPILER_GLOBAL_ACCENT_COLOR_NAME = AccentColor;
				CODE_SIGN_STYLE = Automatic;
				DEVELOPMENT_TEAM = UT6BJJRA5N;
				INFOPLIST_FILE = "You Are Awesome!/Info.plist";
				LD_RUNPATH_SEARCH_PATHS = (
					"$(inherited)",
					"@executable_path/Frameworks",
				);
				PRODUCT_BUNDLE_IDENTIFIER = "com.OConnor.You-Are-Awesome-";
				PRODUCT_NAME = "$(TARGET_NAME)";
				SWIFT_VERSION = 5.0;
				TARGETED_DEVICE_FAMILY = "1,2";
			};
			name = Debug;
		};
		33827479279E2C9C0029E127 /* Release */ = {
			isa = XCBuildConfiguration;
			buildSettings = {
				ASSETCATALOG_COMPILER_APPICON_NAME = AppIcon;
				ASSETCATALOG_COMPILER_GLOBAL_ACCENT_COLOR_NAME = AccentColor;
				CODE_SIGN_STYLE = Automatic;
				DEVELOPMENT_TEAM = UT6BJJRA5N;
				INFOPLIST_FILE = "You Are Awesome!/Info.plist";
				LD_RUNPATH_SEARCH_PATHS = (
					"$(inherited)",
					"@executable_path/Frameworks",
				);
				PRODUCT_BUNDLE_IDENTIFIER = "com.OConnor.You-Are-Awesome-";
				PRODUCT_NAME = "$(TARGET_NAME)";
				SWIFT_VERSION = 5.0;
				TARGETED_DEVICE_FAMILY = "1,2";
			};
			name = Release;
		};
		3382747B279E2C9C0029E127 /* Debug */ = {
			isa = XCBuildConfiguration;
			buildSettings = {
				ALWAYS_EMBED_SWIFT_STANDARD_LIBRARIES = YES;
				BUNDLE_LOADER = "$(TEST_HOST)";
				CODE_SIGN_STYLE = Automatic;
				DEVELOPMENT_TEAM = UT6BJJRA5N;
				INFOPLIST_FILE = "You Are Awesome!Tests/Info.plist";
				IPHONEOS_DEPLOYMENT_TARGET = 14.4;
				LD_RUNPATH_SEARCH_PATHS = (
					"$(inherited)",
					"@executable_path/Frameworks",
					"@loader_path/Frameworks",
				);
				PRODUCT_BUNDLE_IDENTIFIER = "com.OConnor.You-Are-Awesome-Tests";
				PRODUCT_NAME = "$(TARGET_NAME)";
				SWIFT_VERSION = 5.0;
				TARGETED_DEVICE_FAMILY = "1,2";
				TEST_HOST = "$(BUILT_PRODUCTS_DIR)/You Are Awesome!.app/You Are Awesome!";
			};
			name = Debug;
		};
		3382747C279E2C9C0029E127 /* Release */ = {
			isa = XCBuildConfiguration;
			buildSettings = {
				ALWAYS_EMBED_SWIFT_STANDARD_LIBRARIES = YES;
				BUNDLE_LOADER = "$(TEST_HOST)";
				CODE_SIGN_STYLE = Automatic;
				DEVELOPMENT_TEAM = UT6BJJRA5N;
				INFOPLIST_FILE = "You Are Awesome!Tests/Info.plist";
				IPHONEOS_DEPLOYMENT_TARGET = 14.4;
				LD_RUNPATH_SEARCH_PATHS = (
					"$(inherited)",
					"@executable_path/Frameworks",
					"@loader_path/Frameworks",
				);
				PRODUCT_BUNDLE_IDENTIFIER = "com.OConnor.You-Are-Awesome-Tests";
				PRODUCT_NAME = "$(TARGET_NAME)";
				SWIFT_VERSION = 5.0;
				TARGETED_DEVICE_FAMILY = "1,2";
				TEST_HOST = "$(BUILT_PRODUCTS_DIR)/You Are Awesome!.app/You Are Awesome!";
			};
			name = Release;
		};
		3382747E279E2C9C0029E127 /* Debug */ = {
			isa = XCBuildConfiguration;
			buildSettings = {
				ALWAYS_EMBED_SWIFT_STANDARD_LIBRARIES = YES;
				CODE_SIGN_STYLE = Automatic;
				DEVELOPMENT_TEAM = UT6BJJRA5N;
				INFOPLIST_FILE = "You Are Awesome!UITests/Info.plist";
				LD_RUNPATH_SEARCH_PATHS = (
					"$(inherited)",
					"@executable_path/Frameworks",
					"@loader_path/Frameworks",
				);
				PRODUCT_BUNDLE_IDENTIFIER = "com.OConnor.You-Are-Awesome-UITests";
				PRODUCT_NAME = "$(TARGET_NAME)";
				SWIFT_VERSION = 5.0;
				TARGETED_DEVICE_FAMILY = "1,2";
				TEST_TARGET_NAME = "You Are Awesome!";
			};
			name = Debug;
		};
		3382747F279E2C9C0029E127 /* Release */ = {
			isa = XCBuildConfiguration;
			buildSettings = {
				ALWAYS_EMBED_SWIFT_STANDARD_LIBRARIES = YES;
				CODE_SIGN_STYLE = Automatic;
				DEVELOPMENT_TEAM = UT6BJJRA5N;
				INFOPLIST_FILE = "You Are Awesome!UITests/Info.plist";
				LD_RUNPATH_SEARCH_PATHS = (
					"$(inherited)",
					"@executable_path/Frameworks",
					"@loader_path/Frameworks",
				);
				PRODUCT_BUNDLE_IDENTIFIER = "com.OConnor.You-Are-Awesome-UITests";
				PRODUCT_NAME = "$(TARGET_NAME)";
				SWIFT_VERSION = 5.0;
				TARGETED_DEVICE_FAMILY = "1,2";
				TEST_TARGET_NAME = "You Are Awesome!";
			};
			name = Release;
		};
/* End XCBuildConfiguration section */

/* Begin XCConfigurationList section */
		33827448279E2C800029E127 /* Build configuration list for PBXProject "You Are Awesome!" */ = {
			isa = XCConfigurationList;
			buildConfigurations = (
				33827475279E2C9C0029E127 /* Debug */,
				33827476279E2C9C0029E127 /* Release */,
			);
			defaultConfigurationIsVisible = 0;
			defaultConfigurationName = Release;
		};
		33827477279E2C9C0029E127 /* Build configuration list for PBXNativeTarget "You Are Awesome!" */ = {
			isa = XCConfigurationList;
			buildConfigurations = (
				33827478279E2C9C0029E127 /* Debug */,
				33827479279E2C9C0029E127 /* Release */,
			);
			defaultConfigurationIsVisible = 0;
			defaultConfigurationName = Release;
		};
		3382747A279E2C9C0029E127 /* Build configuration list for PBXNativeTarget "You Are Awesome!Tests" */ = {
			isa = XCConfigurationList;
			buildConfigurations = (
				3382747B279E2C9C0029E127 /* Debug */,
				3382747C279E2C9C0029E127 /* Release */,
			);
			defaultConfigurationIsVisible = 0;
			defaultConfigurationName = Release;
		};
		3382747D279E2C9C0029E127 /* Build configuration list for PBXNativeTarget "You Are Awesome!UITests" */ = {
			isa = XCConfigurationList;
			buildConfigurations = (
				3382747E279E2C9C0029E127 /* Debug */,
				3382747F279E2C9C0029E127 /* Release */,
			);
			defaultConfigurationIsVisible = 0;
			defaultConfigurationName = Release;
		};
/* End XCConfigurationList section */
	};
	rootObject = 33827445279E2C800029E127 /* Project object */;
}
